{
  "name": "aws-cred-to-env-vars",
  "version": "1.0.0",
  "lockfileVersion": 1,
  "requires": true,
  "dependencies": {
    "@yaas/iniparser": {
      "version": "3.0.1",
      "resolved": "https://registry.npmjs.org/@yaas/iniparser/-/iniparser-3.0.1.tgz",
      "integrity": "sha512-cyxT6QfP3MZm4PHX8MKskBUwzc6+TRmYzco0pcpGps7fX1yfB8JSqDf0uRYL0zKZkJMwmewgWhNzXzLxLohdqQ=="
    }
  }
}
